
Microsoft Visual Studio Solution File, Format Version 12.00
# Visual Studio Version 17
VisualStudioVersion = 17.0.31912.275
MinimumVisualStudioVersion = 10.0.40219.1
Project("{FAE04EC0-301F-11D3-BF4B-00C04F79EFBC}") = "LabLinq22", "LabLinq22.csproj", "{C3BA7FBE-BBE7-409C-BA64-38B24813EA58}"
EndProject
Global
	GlobalSection(SolutionConfigurationPlatforms) = preSolution
		Debug|Any CPU = Debug|Any CPU
		Release|Any CPU = Release|Any CPU
	EndGlobalSection
	GlobalSection(ProjectConfigurationPlatforms) = postSolution
		{C3BA7FBE-BBE7-409C-BA64-38B24813EA58}.Debug|Any CPU.ActiveCfg = Debug|Any CPU
		{C3BA7FBE-BBE7-409C-BA64-38B24813EA58}.Debug|Any CPU.Build.0 = Debug|Any CPU
		{C3BA7FBE-BBE7-409C-BA64-38B24813EA58}.Release|Any CPU.ActiveCfg = Release|Any CPU
		{C3BA7FBE-BBE7-409C-BA64-38B24813EA58}.Release|Any CPU.Build.0 = Release|Any CPU
	EndGlobalSection
	GlobalSection(SolutionProperties) = preSolution
		HideSolutionNode = FALSE
	EndGlobalSection
	GlobalSection(ExtensibilityGlobals) = postSolution
		SolutionGuid = {D7999520-90A4-45C0-8043-1B40687E5F34}
	EndGlobalSection
EndGlobal
